
Microsoft Visual Studio Solution File, Format Version 12.00
# Visual Studio Version 16
VisualStudioVersion = 16.0.30804.86
MinimumVisualStudioVersion = 10.0.40219.1
Project("{9A19103F-16F7-4668-BE54-9A1E7A4F7556}") = "MediaMonkeyNet", "MediaMonkeyNet\MediaMonkeyNet.csproj", "{211AFFFC-E35B-4428-AA79-D3A258F325B5}"
EndProject
Project("{9A19103F-16F7-4668-BE54-9A1E7A4F7556}") = "Sample", "Sample\Sample.csproj", "{D5C7A8D9-5072-4C89-8931-5DB60C771D2A}"
EndProject
Project("{9A19103F-16F7-4668-BE54-9A1E7A4F7556}") = "BaristaLabs.ChromeDevTools.Runtime", "BaristaLabs.ChromeDevTools.Runtime\BaristaLabs.ChromeDevTools.Runtime.csproj", "{F7E508E7-7E98-4FBC-9E81-06364C8F43D8}"
EndProject
Global
	GlobalSection(SolutionConfigurationPlatforms) = preSolution
		Debug|Any CPU = Debug|Any CPU
		Release|Any CPU = Release|Any CPU
	EndGlobalSection
	GlobalSection(ProjectConfigurationPlatforms) = postSolution
		{211AFFFC-E35B-4428-AA79-D3A258F325B5}.Debug|Any CPU.ActiveCfg = Debug|Any CPU
		{211AFFFC-E35B-4428-AA79-D3A258F325B5}.Debug|Any CPU.Build.0 = Debug|Any CPU
		{211AFFFC-E35B-4428-AA79-D3A258F325B5}.Release|Any CPU.ActiveCfg = Release|Any CPU
		{211AFFFC-E35B-4428-AA79-D3A258F325B5}.Release|Any CPU.Build.0 = Release|Any CPU
		{D5C7A8D9-5072-4C89-8931-5DB60C771D2A}.Debug|Any CPU.ActiveCfg = Debug|Any CPU
		{D5C7A8D9-5072-4C89-8931-5DB60C771D2A}.Debug|Any CPU.Build.0 = Debug|Any CPU
		{D5C7A8D9-5072-4C89-8931-5DB60C771D2A}.Release|Any CPU.ActiveCfg = Release|Any CPU
		{D5C7A8D9-5072-4C89-8931-5DB60C771D2A}.Release|Any CPU.Build.0 = Release|Any CPU
		{F7E508E7-7E98-4FBC-9E81-06364C8F43D8}.Debug|Any CPU.ActiveCfg = Debug|Any CPU
		{F7E508E7-7E98-4FBC-9E81-06364C8F43D8}.Debug|Any CPU.Build.0 = Debug|Any CPU
		{F7E508E7-7E98-4FBC-9E81-06364C8F43D8}.Release|Any CPU.ActiveCfg = Release|Any CPU
		{F7E508E7-7E98-4FBC-9E81-06364C8F43D8}.Release|Any CPU.Build.0 = Release|Any CPU
	EndGlobalSection
	GlobalSection(SolutionProperties) = preSolution
		HideSolutionNode = FALSE
	EndGlobalSection
	GlobalSection(ExtensibilityGlobals) = postSolution
		SolutionGuid = {F080BAA7-5CE7-49BC-8A95-6D513D0B95AB}
	EndGlobalSection
EndGlobal
